
Microsoft Visual Studio Solution File, Format Version 12.00
# Visual Studio Version 17
VisualStudioVersion = 17.5.33530.505
MinimumVisualStudioVersion = 10.0.40219.1
Project("{FAE04EC0-301F-11D3-BF4B-00C04F79EFBC}") = "BilgiYarismasi", "BilgiYarismasi\BilgiYarismasi.csproj", "{5A7B130E-2D9F-498C-8EBE-C483AC4B3F17}"
EndProject
Global
	GlobalSection(SolutionConfigurationPlatforms) = preSolution
		Debug|Any CPU = Debug|Any CPU
		Release|Any CPU = Release|Any CPU
	EndGlobalSection
	GlobalSection(ProjectConfigurationPlatforms) = postSolution
		{5A7B130E-2D9F-498C-8EBE-C483AC4B3F17}.Debug|Any CPU.ActiveCfg = Debug|Any CPU
		{5A7B130E-2D9F-498C-8EBE-C483AC4B3F17}.Debug|Any CPU.Build.0 = Debug|Any CPU
		{5A7B130E-2D9F-498C-8EBE-C483AC4B3F17}.Release|Any CPU.ActiveCfg = Release|Any CPU
		{5A7B130E-2D9F-498C-8EBE-C483AC4B3F17}.Release|Any CPU.Build.0 = Release|Any CPU
	EndGlobalSection
	GlobalSection(SolutionProperties) = preSolution
		HideSolutionNode = FALSE
	EndGlobalSection
	GlobalSection(ExtensibilityGlobals) = postSolution
		SolutionGuid = {DB494F21-0D31-44C8-904B-7DCCEE5D74A1}
	EndGlobalSection
EndGlobal
